
Microsoft Visual Studio Solution File, Format Version 12.00
# Visual Studio Version 16
VisualStudioVersion = 16.0.34031.81
MinimumVisualStudioVersion = 10.0.40219.1
Project("{F184B08F-C81C-45F6-A57F-5ABD9991F28F}") = "TESTER", "TESTER\TESTER.vbproj", "{3B4EC14B-9161-4AEE-A883-EDACCC4349A5}"
EndProject
Global
	GlobalSection(SolutionConfigurationPlatforms) = preSolution
		Debug|Any CPU = Debug|Any CPU
		Release|Any CPU = Release|Any CPU
	EndGlobalSection
	GlobalSection(ProjectConfigurationPlatforms) = postSolution
		{3B4EC14B-9161-4AEE-A883-EDACCC4349A5}.Debug|Any CPU.ActiveCfg = Debug|Any CPU
		{3B4EC14B-9161-4AEE-A883-EDACCC4349A5}.Debug|Any CPU.Build.0 = Debug|Any CPU
		{3B4EC14B-9161-4AEE-A883-EDACCC4349A5}.Release|Any CPU.ActiveCfg = Release|Any CPU
		{3B4EC14B-9161-4AEE-A883-EDACCC4349A5}.Release|Any CPU.Build.0 = Release|Any CPU
	EndGlobalSection
	GlobalSection(SolutionProperties) = preSolution
		HideSolutionNode = FALSE
	EndGlobalSection
	GlobalSection(ExtensibilityGlobals) = postSolution
		SolutionGuid = {3005782D-5415-4196-B5CA-18F89ED5C3B6}
	EndGlobalSection
EndGlobal
